
Microsoft Visual Studio Solution File, Format Version 12.00
# Visual Studio Version 17
VisualStudioVersion = 17.1.32421.90
MinimumVisualStudioVersion = 10.0.40219.1
Project("{FAE04EC0-301F-11D3-BF4B-00C04F79EFBC}") = "Project_BookstoreManagement", "Project_BookstoreManagement\Project_BookstoreManagement.csproj", "{ADBA438E-09A8-4D98-9953-BEF435525B11}"
EndProject
Global
	GlobalSection(SolutionConfigurationPlatforms) = preSolution
		Debug|Any CPU = Debug|Any CPU
		Release|Any CPU = Release|Any CPU
	EndGlobalSection
	GlobalSection(ProjectConfigurationPlatforms) = postSolution
		{ADBA438E-09A8-4D98-9953-BEF435525B11}.Debug|Any CPU.ActiveCfg = Debug|Any CPU
		{ADBA438E-09A8-4D98-9953-BEF435525B11}.Debug|Any CPU.Build.0 = Debug|Any CPU
		{ADBA438E-09A8-4D98-9953-BEF435525B11}.Release|Any CPU.ActiveCfg = Release|Any CPU
		{ADBA438E-09A8-4D98-9953-BEF435525B11}.Release|Any CPU.Build.0 = Release|Any CPU
	EndGlobalSection
	GlobalSection(SolutionProperties) = preSolution
		HideSolutionNode = FALSE
	EndGlobalSection
	GlobalSection(ExtensibilityGlobals) = postSolution
		SolutionGuid = {57FB726E-C07C-4AE6-B444-48B13080D4BA}
	EndGlobalSection
EndGlobal
